PODS:
  - app_links (6.4.1):
    - FlutterMacOS
  - connectivity_plus (0.0.1):
    - FlutterMacOS
  - flutter_secure_storage_darwin (10.0.0):
    - Flutter
    - FlutterMacOS
  - FlutterMacOS (1.0.0)
  - package_info_plus (0.0.1):
    - FlutterMacOS
  - PostHog (3.45.2)
  - posthog_flutter (0.0.1):
    - Flutter
    - FlutterMacOS
    - PostHog (< 4.0.0, >= 3.44.0)
  - powersync-sqlite-core (0.4.11)
  - powersync_flutter_libs (0.0.1):
    - Flutter
    - FlutterMacOS
    - powersync-sqlite-core (~> 0.4.11)
  - purchases_flutter (9.13.1):
    - FlutterMacOS
    - PurchasesHybridCommon (= 17.42.0)
  - PurchasesHybridCommon (17.42.0):
    - RevenueCat (= 5.60.0)
  - RevenueCat (5.60.0)
  - Sentry/HybridSDK (8.56.2)
  - sentry_flutter (9.14.0):
    - Flutter
    - FlutterMacOS
    - Sentry/HybridSDK (= 8.56.2)
  - shared_preferences_foundation (0.0.1):
    - Flutter
    - FlutterMacOS
  - sqlite3 (3.52.0):
    - sqlite3/common (= 3.52.0)
  - sqlite3/common (3.52.0)
  - sqlite3/dbstatvtab (3.52.0):
    - sqlite3/common
  - sqlite3/fts5 (3.52.0):
    - sqlite3/common
  - sqlite3/math (3.52.0):
    - sqlite3/common
  - sqlite3/perf-threadsafe (3.52.0):
    - sqlite3/common
  - sqlite3/rtree (3.52.0):
    - sqlite3/common
  - sqlite3/session (3.52.0):
    - sqlite3/common
  - sqlite3_flutter_libs (0.0.1):
    - Flutter
    - FlutterMacOS
    - sqlite3 (~> 3.52.0)
    - sqlite3/dbstatvtab
    - sqlite3/fts5
    - sqlite3/math
    - sqlite3/perf-threadsafe
    - sqlite3/rtree
    - sqlite3/session
  - url_launcher_macos (0.0.1):
    - FlutterMacOS

DEPENDENCIES:
  - app_links (from `Flutter/ephemeral/.symlinks/plugins/app_links/macos`)
  - connectivity_plus (from `Flutter/ephemeral/.symlinks/plugins/connectivity_plus/macos`)
  - flutter_secure_storage_darwin (from `Flutter/ephemeral/.symlinks/plugins/flutter_secure_storage_darwin/darwin`)
  - FlutterMacOS (from `Flutter/ephemeral`)
  - package_info_plus (from `Flutter/ephemeral/.symlinks/plugins/package_info_plus/macos`)
  - posthog_flutter (from `Flutter/ephemeral/.symlinks/plugins/posthog_flutter/darwin`)
  - powersync_flutter_libs (from `Flutter/ephemeral/.symlinks/plugins/powersync_flutter_libs/darwin`)
  - purchases_flutter (from `Flutter/ephemeral/.symlinks/plugins/purchases_flutter/macos`)
  - sentry_flutter (from `Flutter/ephemeral/.symlinks/plugins/sentry_flutter/macos`)
  - shared_preferences_foundation (from `Flutter/ephemeral/.symlinks/plugins/shared_preferences_foundation/darwin`)
  - sqlite3_flutter_libs (from `Flutter/ephemeral/.symlinks/plugins/sqlite3_flutter_libs/darwin`)
  - url_launcher_macos (from `Flutter/ephemeral/.symlinks/plugins/url_launcher_macos/macos`)

SPEC REPOS:
  trunk:
    - PostHog
    - powersync-sqlite-core
    - PurchasesHybridCommon
    - RevenueCat
    - Sentry
    - sqlite3

EXTERNAL SOURCES:
  app_links:
    :path: Flutter/ephemeral/.symlinks/plugins/app_links/macos
  connectivity_plus:
    :path: Flutter/ephemeral/.symlinks/plugins/connectivity_plus/macos
  flutter_secure_storage_darwin:
    :path: Flutter/ephemeral/.symlinks/plugins/flutter_secure_storage_darwin/darwin
  FlutterMacOS:
    :path: Flutter/ephemeral
  package_info_plus:
    :path: Flutter/ephemeral/.symlinks/plugins/package_info_plus/macos
  posthog_flutter:
    :path: Flutter/ephemeral/.symlinks/plugins/posthog_flutter/darwin
  powersync_flutter_libs:
    :path: Flutter/ephemeral/.symlinks/plugins/powersync_flutter_libs/darwin
  purchases_flutter:
    :path: Flutter/ephemeral/.symlinks/plugins/purchases_flutter/macos
  sentry_flutter:
    :path: Flutter/ephemeral/.symlinks/plugins/sentry_flutter/macos
  shared_preferences_foundation:
    :path: Flutter/ephemeral/.symlinks/plugins/shared_preferences_foundation/darwin
  sqlite3_flutter_libs:
    :path: Flutter/ephemeral/.symlinks/plugins/sqlite3_flutter_libs/darwin
  url_launcher_macos:
    :path: Flutter/ephemeral/.symlinks/plugins/url_launcher_macos/macos

SPEC CHECKSUMS:
  app_links: 05a6ec2341985eb05e9f97dc63f5837c39895c3f
  connectivity_plus: 4adf20a405e25b42b9c9f87feff8f4b6fde18a4e
  flutter_secure_storage_darwin: acdb3f316ed05a3e68f856e0353b133eec373a23
  FlutterMacOS: d0db08ddef1a9af05a5ec4b724367152bb0500b1
  package_info_plus: f0052d280d17aa382b932f399edf32507174e870
  PostHog: 9aa2b9c18708027234c040bb2ef4238c468d2b6b
  posthog_flutter: 04f6ed0aacaf3246c278b37133d33a0a94f4416f
  powersync-sqlite-core: aae0128de5f062c8e5a6bc450090ebba0b398222
  powersync_flutter_libs: 20381b877038d27d8fa918f8c3fff08bfc3925d0
  purchases_flutter: 689a88d4fbb10e688adf55b751c7fc0fdf77d051
  PurchasesHybridCommon: c0a62a03bd15e40af1c3cd111f5f4f50cac751c7
  RevenueCat: 88010b2d5fc8fb7405d2e11dacd65ac74c9d21d1
  Sentry: b53951377b78e21a734f5dc8318e333dbfc682d7
  sentry_flutter: 841fa2fe08dc72eb95e2320b76e3f751f3400cf5
  shared_preferences_foundation: 7036424c3d8ec98dfe75ff1667cb0cd531ec82bb
  sqlite3: a51c07cf16e023d6c48abd5e5791a61a47354921
  sqlite3_flutter_libs: b3e120efe9a82017e5552a620f696589ed4f62ab
  url_launcher_macos: f87a979182d112f911de6820aefddaf56ee9fbfd

PODFILE CHECKSUM: 54d867c82ac51cbd61b565781b9fada492027009

COCOAPODS: 1.16.2
